// !$*UTF8*$!
{
	archiveVersion = 1;
	classes = {
	};
	objectVersion = 56;
	objects = {

/* Begin PBXBuildFile section */
		D72062372AF4EA9B007940C4 /* fox.png in Resources */ = {isa = PBXBuildFile; fileRef = D72062312AF20496007940C4 /* fox.png */; };
		D7FB2B732AEF65C400C73EC4 /* test_rust_iosApp.swift in Sources */ = {isa = PBXBuildFile; fileRef = D7FB2B722AEF65C400C73EC4 /* test_rust_iosApp.swift */; };
		D7FB2B772AEF65C500C73EC4 /* Assets.xcassets in Resources */ = {isa = PBXBuildFile; fileRef = D7FB2B762AEF65C500C73EC4 /* Assets.xcassets */; };
		D7FB2B7A2AEF65C500C73EC4 /* Preview Assets.xcassets in Resources */ = {isa = PBXBuildFile; fileRef = D7FB2B792AEF65C500C73EC4 /* Preview Assets.xcassets */; };
		D7FB2B842AEF65C600C73EC4 /* test_rust_iosTests.swift in Sources */ = {isa = PBXBuildFile; fileRef = D7FB2B832AEF65C600C73EC4 /* test_rust_iosTests.swift */; };
		D7FB2B8E2AEF65C600C73EC4 /* test_rust_iosUITests.swift in Sources */ = {isa = PBXBuildFile; fileRef = D7FB2B8D2AEF65C600C73EC4 /* test_rust_iosUITests.swift */; };
		D7FB2B902AEF65C600C73EC4 /* test_rust_iosUITestsLaunchTests.swift in Sources */ = {isa = PBXBuildFile; fileRef = D7FB2B8F2AEF65C600C73EC4 /* test_rust_iosUITestsLaunchTests.swift */; };
		D7FB2B9E2AEF666300C73EC4 /* libgreetings.a in Frameworks */ = {isa = PBXBuildFile; fileRef = D7FB2B9D2AEF661600C73EC4 /* libgreetings.a */; };
		D7FB2BA02AEF667700C73EC4 /* libresolv.tbd in Frameworks */ = {isa = PBXBuildFile; fileRef = D7FB2B9F2AEF666F00C73EC4 /* libresolv.tbd */; };
/* End PBXBuildFile section */

/* Begin PBXContainerItemProxy section */
		D7FB2B802AEF65C600C73EC4 /* PBXContainerItemProxy */ = {
			isa = PBXContainerItemProxy;
			containerPortal = D7FB2B672AEF65C400C73EC4 /* Project object */;
			proxyType = 1;
			remoteGlobalIDString = D7FB2B6E2AEF65C400C73EC4;
			remoteInfo = "test-rust-ios";
		};
		D7FB2B8A2AEF65C600C73EC4 /* PBXContainerItemProxy */ = {
			isa = PBXContainerItemProxy;
			containerPortal = D7FB2B672AEF65C400C73EC4 /* Project object */;
			proxyType = 1;
			remoteGlobalIDString = D7FB2B6E2AEF65C400C73EC4;
			remoteInfo = "test-rust-ios";
		};
/* End PBXContainerItemProxy section */

/* Begin PBXFileReference section */
		D72062312AF20496007940C4 /* fox.png */ = {isa = PBXFileReference; lastKnownFileType = image.png; path = fox.png; sourceTree = "<group>"; };
		D7FB2B6F2AEF65C400C73EC4 /* test-rust-ios.app */ = {isa = PBXFileReference; explicitFileType = wrapper.application; includeInIndex = 0; path = "test-rust-ios.app"; sourceTree = BUILT_PRODUCTS_DIR; };
		D7FB2B722AEF65C400C73EC4 /* test_rust_iosApp.swift */ = {isa = PBXFileReference; lastKnownFileType = sourcecode.swift; path = test_rust_iosApp.swift; sourceTree = "<group>"; };
		D7FB2B762AEF65C500C73EC4 /* Assets.xcassets */ = {isa = PBXFileReference; lastKnownFileType = folder.assetcatalog; path = Assets.xcassets; sourceTree = "<group>"; };
		D7FB2B792AEF65C500C73EC4 /* Preview Assets.xcassets */ = {isa = PBXFileReference; lastKnownFileType = folder.assetcatalog; path = "Preview Assets.xcassets"; sourceTree = "<group>"; };
		D7FB2B7F2AEF65C600C73EC4 /* test-rust-iosTests.xctest */ = {isa = PBXFileReference; explicitFileType = wrapper.cfbundle; includeInIndex = 0; path = "test-rust-iosTests.xctest"; sourceTree = BUILT_PRODUCTS_DIR; };
		D7FB2B832AEF65C600C73EC4 /* test_rust_iosTests.swift */ = {isa = PBXFileReference; lastKnownFileType = sourcecode.swift; path = test_rust_iosTests.swift; sourceTree = "<group>"; };
		D7FB2B892AEF65C600C73EC4 /* test-rust-iosUITests.xctest */ = {isa = PBXFileReference; explicitFileType = wrapper.cfbundle; includeInIndex = 0; path = "test-rust-iosUITests.xctest"; sourceTree = BUILT_PRODUCTS_DIR; };
		D7FB2B8D2AEF65C600C73EC4 /* test_rust_iosUITests.swift */ = {isa = PBXFileReference; lastKnownFileType = sourcecode.swift; path = test_rust_iosUITests.swift; sourceTree = "<group>"; };
		D7FB2B8F2AEF65C600C73EC4 /* test_rust_iosUITestsLaunchTests.swift */ = {isa = PBXFileReference; lastKnownFileType = sourcecode.swift; path = test_rust_iosUITestsLaunchTests.swift; sourceTree = "<group>"; };
		D7FB2B9D2AEF661600C73EC4 /* libgreetings.a */ = {isa = PBXFileReference; lastKnownFileType = archive.ar; name = libgreetings.a; path = ../../cargo/target/universal/release/libgreetings.a; sourceTree = "<group>"; };
		D7FB2B9F2AEF666F00C73EC4 /* libresolv.tbd */ = {isa = PBXFileReference; lastKnownFileType = "sourcecode.text-based-dylib-definition"; name = libresolv.tbd; path = usr/lib/libresolv.tbd; sourceTree = SDKROOT; };
		D7FB2BA12AEF66B500C73EC4 /* greetings.h */ = {isa = PBXFileReference; fileEncoding = 4; lastKnownFileType = sourcecode.c.h; name = greetings.h; path = ../../cargo/src/greetings.h; sourceTree = "<group>"; };
		D7FB2BA22AEF66D000C73EC4 /* Greetings-Bridging-Header.h */ = {isa = PBXFileReference; lastKnownFileType = sourcecode.c.h; path = "Greetings-Bridging-Header.h"; sourceTree = "<group>"; };
/* End PBXFileReference section */

/* Begin PBXFrameworksBuildPhase section */
		D7FB2B6C2AEF65C400C73EC4 /* Frameworks */ = {
			isa = PBXFrameworksBuildPhase;
			buildActionMask = 2147483647;
			files = (
				D7FB2B9E2AEF666300C73EC4 /* libgreetings.a in Frameworks */,
				D7FB2BA02AEF667700C73EC4 /* libresolv.tbd in Frameworks */,
			);
			runOnlyForDeploymentPostprocessing = 0;
		};
		D7FB2B7C2AEF65C600C73EC4 /* Frameworks */ = {
			isa = PBXFrameworksBuildPhase;
			buildActionMask = 2147483647;
			files = (
			);
			runOnlyForDeploymentPostprocessing = 0;
		};
		D7FB2B862AEF65C600C73EC4 /* Frameworks */ = {
			isa = PBXFrameworksBuildPhase;
			buildActionMask = 2147483647;
			files = (
			);
			runOnlyForDeploymentPostprocessing = 0;
		};
/* End PBXFrameworksBuildPhase section */

/* Begin PBXGroup section */
		D72062302AF20496007940C4 /* assets */ = {
			isa = PBXGroup;
			children = (
				D72062312AF20496007940C4 /* fox.png */,
			);
			path = assets;
			sourceTree = "<group>";
		};
		D7FB2B662AEF65C400C73EC4 = {
			isa = PBXGroup;
			children = (
				D7FB2BA22AEF66D000C73EC4 /* Greetings-Bridging-Header.h */,
				D7FB2BA12AEF66B500C73EC4 /* greetings.h */,
				D7FB2B712AEF65C400C73EC4 /* test-rust-ios */,
				D7FB2B822AEF65C600C73EC4 /* test-rust-iosTests */,
				D7FB2B8C2AEF65C600C73EC4 /* test-rust-iosUITests */,
				D7FB2B702AEF65C400C73EC4 /* Products */,
				D7FB2B9C2AEF661600C73EC4 /* Frameworks */,
			);
			sourceTree = "<group>";
		};
		D7FB2B702AEF65C400C73EC4 /* Products */ = {
			isa = PBXGroup;
			children = (
				D7FB2B6F2AEF65C400C73EC4 /* test-rust-ios.app */,
				D7FB2B7F2AEF65C600C73EC4 /* test-rust-iosTests.xctest */,
				D7FB2B892AEF65C600C73EC4 /* test-rust-iosUITests.xctest */,
			);
			name = Products;
			sourceTree = "<group>";
		};
		D7FB2B712AEF65C400C73EC4 /* test-rust-ios */ = {
			isa = PBXGroup;
			children = (
				D72062302AF20496007940C4 /* assets */,
				D7FB2B722AEF65C400C73EC4 /* test_rust_iosApp.swift */,
				D7FB2B762AEF65C500C73EC4 /* Assets.xcassets */,
				D7FB2B782AEF65C500C73EC4 /* Preview Content */,
			);
			path = "test-rust-ios";
			sourceTree = "<group>";
		};
		D7FB2B782AEF65C500C73EC4 /* Preview Content */ = {
			isa = PBXGroup;
			children = (
				D7FB2B792AEF65C500C73EC4 /* Preview Assets.xcassets */,
			);
			path = "Preview Content";
			sourceTree = "<group>";
		};
		D7FB2B822AEF65C600C73EC4 /* test-rust-iosTests */ = {
			isa = PBXGroup;
			children = (
				D7FB2B832AEF65C600C73EC4 /* test_rust_iosTests.swift */,
			);
			path = "test-rust-iosTests";
			sourceTree = "<group>";
		};
		D7FB2B8C2AEF65C600C73EC4 /* test-rust-iosUITests */ = {
			isa = PBXGroup;
			children = (
				D7FB2B8D2AEF65C600C73EC4 /* test_rust_iosUITests.swift */,
				D7FB2B8F2AEF65C600C73EC4 /* test_rust_iosUITestsLaunchTests.swift */,
			);
			path = "test-rust-iosUITests";
			sourceTree = "<group>";
		};
		D7FB2B9C2AEF661600C73EC4 /* Frameworks */ = {
			isa = PBXGroup;
			children = (
				D7FB2B9F2AEF666F00C73EC4 /* libresolv.tbd */,
				D7FB2B9D2AEF661600C73EC4 /* libgreetings.a */,
			);
			name = Frameworks;
			sourceTree = "<group>";
		};
/* End PBXGroup section */

/* Begin PBXNativeTarget section */
		D7FB2B6E2AEF65C400C73EC4 /* test-rust-ios */ = {
			isa = PBXNativeTarget;
			buildConfigurationList = D7FB2B932AEF65C600C73EC4 /* Build configuration list for PBXNativeTarget "test-rust-ios" */;
			buildPhases = (
				D7FB2C172AF0E6DD00C73EC4 /* Run Script */,
				D7FB2B6B2AEF65C400C73EC4 /* Sources */,
				D7FB2B6C2AEF65C400C73EC4 /* Frameworks */,
				D7FB2B6D2AEF65C400C73EC4 /* Resources */,
			);
			buildRules = (
			);
			dependencies = (
			);
			name = "test-rust-ios";
			productName = "test-rust-ios";
			productReference = D7FB2B6F2AEF65C400C73EC4 /* test-rust-ios.app */;
			productType = "com.apple.product-type.application";
		};
		D7FB2B7E2AEF65C600C73EC4 /* test-rust-iosTests */ = {
			isa = PBXNativeTarget;
			buildConfigurationList = D7FB2B962AEF65C600C73EC4 /* Build configuration list for PBXNativeTarget "test-rust-iosTests" */;
			buildPhases = (
				D7FB2B7B2AEF65C600C73EC4 /* Sources */,
				D7FB2B7C2AEF65C600C73EC4 /* Frameworks */,
				D7FB2B7D2AEF65C600C73EC4 /* Resources */,
			);
			buildRules = (
			);
			dependencies = (
				D7FB2B812AEF65C600C73EC4 /* PBXTargetDependency */,
			);
			name = "test-rust-iosTests";
			productName = "test-rust-iosTests";
			productReference = D7FB2B7F2AEF65C600C73EC4 /* test-rust-iosTests.xctest */;
			productType = "com.apple.product-type.bundle.unit-test";
		};
		D7FB2B882AEF65C600C73EC4 /* test-rust-iosUITests */ = {
			isa = PBXNativeTarget;
			buildConfigurationList = D7FB2B992AEF65C600C73EC4 /* Build configuration list for PBXNativeTarget "test-rust-iosUITests" */;
			buildPhases = (
				D7FB2B852AEF65C600C73EC4 /* Sources */,
				D7FB2B862AEF65C600C73EC4 /* Frameworks */,
				D7FB2B872AEF65C600C73EC4 /* Resources */,
			);
			buildRules = (
			);
			dependencies = (
				D7FB2B8B2AEF65C600C73EC4 /* PBXTargetDependency */,
			);
			name = "test-rust-iosUITests";
			productName = "test-rust-iosUITests";
			productReference = D7FB2B892AEF65C600C73EC4 /* test-rust-iosUITests.xctest */;
			productType = "com.apple.product-type.bundle.ui-testing";
		};
/* End PBXNativeTarget section */

/* Begin PBXProject section */
		D7FB2B672AEF65C400C73EC4 /* Project object */ = {
			isa = PBXProject;
			attributes = {
				BuildIndependentTargetsInParallel = 1;
				LastSwiftUpdateCheck = 1430;
				LastUpgradeCheck = 1430;
				TargetAttributes = {
					D7FB2B6E2AEF65C400C73EC4 = {
						CreatedOnToolsVersion = 14.3.1;
					};
					D7FB2B7E2AEF65C600C73EC4 = {
						CreatedOnToolsVersion = 14.3.1;
						TestTargetID = D7FB2B6E2AEF65C400C73EC4;
					};
					D7FB2B882AEF65C600C73EC4 = {
						CreatedOnToolsVersion = 14.3.1;
						TestTargetID = D7FB2B6E2AEF65C400C73EC4;
					};
				};
			};
			buildConfigurationList = D7FB2B6A2AEF65C400C73EC4 /* Build configuration list for PBXProject "test-rust-ios" */;
			compatibilityVersion = "Xcode 14.0";
			developmentRegion = en;
			hasScannedForEncodings = 0;
			knownRegions = (
				en,
				Base,
			);
			mainGroup = D7FB2B662AEF65C400C73EC4;
			productRefGroup = D7FB2B702AEF65C400C73EC4 /* Products */;
			projectDirPath = "";
			projectRoot = "";
			targets = (
				D7FB2B6E2AEF65C400C73EC4 /* test-rust-ios */,
				D7FB2B7E2AEF65C600C73EC4 /* test-rust-iosTests */,
				D7FB2B882AEF65C600C73EC4 /* test-rust-iosUITests */,
			);
		};
/* End PBXProject section */

/* Begin PBXResourcesBuildPhase section */
		D7FB2B6D2AEF65C400C73EC4 /* Resources */ = {
			isa = PBXResourcesBuildPhase;
			buildActionMask = 2147483647;
			files = (
				D72062372AF4EA9B007940C4 /* fox.png in Resources */,
				D7FB2B7A2AEF65C500C73EC4 /* Preview Assets.xcassets in Resources */,
				D7FB2B772AEF65C500C73EC4 /* Assets.xcassets in Resources */,
			);
			runOnlyForDeploymentPostprocessing = 0;
		};
		D7FB2B7D2AEF65C600C73EC4 /* Resources */ = {
			isa = PBXResourcesBuildPhase;
			buildActionMask = 2147483647;
			files = (
			);
			runOnlyForDeploymentPostprocessing = 0;
		};
		D7FB2B872AEF65C600C73EC4 /* Resources */ = {
			isa = PBXResourcesBuildPhase;
			buildActionMask = 2147483647;
			files = (
			);
			runOnlyForDeploymentPostprocessing = 0;
		};
/* End PBXResourcesBuildPhase section */

/* Begin PBXShellScriptBuildPhase section */
		D7FB2C172AF0E6DD00C73EC4 /* Run Script */ = {
			isa = PBXShellScriptBuildPhase;
			buildActionMask = 2147483647;
			files = (
			);
			inputFileListPaths = (
			);
			inputPaths = (
			);
			name = "Run Script";
			outputFileListPaths = (
			);
			outputPaths = (
			);
			runOnlyForDeploymentPostprocessing = 0;
			shellPath = /bin/sh;
			shellScript = "# Type a script or drag a script file from your workspace to insert its path.\nexport PATH=\"$HOME/.cargo/bin:$PATH\"\n\ncd ../../cargo\n./build.sh\n";
		};
/* End PBXShellScriptBuildPhase section */

/* Begin PBXSourcesBuildPhase section */
		D7FB2B6B2AEF65C400C73EC4 /* Sources */ = {
			isa = PBXSourcesBuildPhase;
			buildActionMask = 2147483647;
			files = (
				D7FB2B732AEF65C400C73EC4 /* test_rust_iosApp.swift in Sources */,
			);
			runOnlyForDeploymentPostprocessing = 0;
		};
		D7FB2B7B2AEF65C600C73EC4 /* Sources */ = {
			isa = PBXSourcesBuildPhase;
			buildActionMask = 2147483647;
			files = (
				D7FB2B842AEF65C600C73EC4 /* test_rust_iosTests.swift in Sources */,
			);
			runOnlyForDeploymentPostprocessing = 0;
		};
		D7FB2B852AEF65C600C73EC4 /* Sources */ = {
			isa = PBXSourcesBuildPhase;
			buildActionMask = 2147483647;
			files = (
				D7FB2B902AEF65C600C73EC4 /* test_rust_iosUITestsLaunchTests.swift in Sources */,
				D7FB2B8E2AEF65C600C73EC4 /* test_rust_iosUITests.swift in Sources */,
			);
			runOnlyForDeploymentPostprocessing = 0;
		};
/* End PBXSourcesBuildPhase section */

/* Begin PBXTargetDependency section */
		D7FB2B812AEF65C600C73EC4 /* PBXTargetDependency */ = {
			isa = PBXTargetDependency;
			target = D7FB2B6E2AEF65C400C73EC4 /* test-rust-ios */;
			targetProxy = D7FB2B802AEF65C600C73EC4 /* PBXContainerItemProxy */;
		};
		D7FB2B8B2AEF65C600C73EC4 /* PBXTargetDependency */ = {
			isa = PBXTargetDependency;
			target = D7FB2B6E2AEF65C400C73EC4 /* test-rust-ios */;
			targetProxy = D7FB2B8A2AEF65C600C73EC4 /* PBXContainerItemProxy */;
		};
/* End PBXTargetDependency section */

/* Begin XCBuildConfiguration section */
		D7FB2B912AEF65C600C73EC4 /* Debug */ = {
			isa = XCBuildConfiguration;
			buildSettings = {
				ALWAYS_SEARCH_USER_PATHS = NO;
				CLANG_ANALYZER_NONNULL = YES;
				CLANG_ANALYZER_NUMBER_OBJECT_CONVERSION = YES_AGGRESSIVE;
				CLANG_CXX_LANGUAGE_STANDARD = "gnu++20";
				CLANG_ENABLE_MODULES = YES;
				CLANG_ENABLE_OBJC_ARC = YES;
				CLANG_ENABLE_OBJC_WEAK = YES;
				CLANG_WARN_BLOCK_CAPTURE_AUTORELEASING = YES;
				CLANG_WARN_BOOL_CONVERSION = YES;
				CLANG_WARN_COMMA = YES;
				CLANG_WARN_CONSTANT_CONVERSION = YES;
				CLANG_WARN_DEPRECATED_OBJC_IMPLEMENTATIONS = YES;
				CLANG_WARN_DIRECT_OBJC_ISA_USAGE = YES_ERROR;
				CLANG_WARN_DOCUMENTATION_COMMENTS = YES;
				CLANG_WARN_EMPTY_BODY = YES;
				CLANG_WARN_ENUM_CONVERSION = YES;
				CLANG_WARN_INFINITE_RECURSION = YES;
				CLANG_WARN_INT_CONVERSION = YES;
				CLANG_WARN_NON_LITERAL_NULL_CONVERSION = YES;
				CLANG_WARN_OBJC_IMPLICIT_RETAIN_SELF = YES;
				CLANG_WARN_OBJC_LITERAL_CONVERSION = YES;
				CLANG_WARN_OBJC_ROOT_CLASS = YES_ERROR;
				CLANG_WARN_QUOTED_INCLUDE_IN_FRAMEWORK_HEADER = YES;
				CLANG_WARN_RANGE_LOOP_ANALYSIS = YES;
				CLANG_WARN_STRICT_PROTOTYPES = YES;
				CLANG_WARN_SUSPICIOUS_MOVE = YES;
				CLANG_WARN_UNGUARDED_AVAILABILITY = YES_AGGRESSIVE;
				CLANG_WARN_UNREACHABLE_CODE = YES;
				CLANG_WARN__DUPLICATE_METHOD_MATCH = YES;
				COPY_PHASE_STRIP = NO;
				DEBUG_INFORMATION_FORMAT = dwarf;
				ENABLE_STRICT_OBJC_MSGSEND = YES;
				ENABLE_TESTABILITY = YES;
				GCC_C_LANGUAGE_STANDARD = gnu11;
				GCC_DYNAMIC_NO_PIC = NO;
				GCC_NO_COMMON_BLOCKS = YES;
				GCC_OPTIMIZATION_LEVEL = 0;
				GCC_PREPROCESSOR_DEFINITIONS = (
					"DEBUG=1",
					"$(inherited)",
				);
				GCC_WARN_64_TO_32_BIT_CONVERSION = YES;
				GCC_WARN_ABOUT_RETURN_TYPE = YES_ERROR;
				GCC_WARN_UNDECLARED_SELECTOR = YES;
				GCC_WARN_UNINITIALIZED_AUTOS = YES_AGGRESSIVE;
				GCC_WARN_UNUSED_FUNCTION = YES;
				GCC_WARN_UNUSED_VARIABLE = YES;
				IPHONEOS_DEPLOYMENT_TARGET = 16.4;
				MTL_ENABLE_DEBUG_INFO = INCLUDE_SOURCE;
				MTL_FAST_MATH = YES;
				ONLY_ACTIVE_ARCH = YES;
				SDKROOT = iphoneos;
				SWIFT_ACTIVE_COMPILATION_CONDITIONS = DEBUG;
				SWIFT_OPTIMIZATION_LEVEL = "-Onone";
			};
			name = Debug;
		};
		D7FB2B922AEF65C600C73EC4 /* Release */ = {
			isa = XCBuildConfiguration;
			buildSettings = {
				ALWAYS_SEARCH_USER_PATHS = NO;
				CLANG_ANALYZER_NONNULL = YES;
				CLANG_ANALYZER_NUMBER_OBJECT_CONVERSION = YES_AGGRESSIVE;
				CLANG_CXX_LANGUAGE_STANDARD = "gnu++20";
				CLANG_ENABLE_MODULES = YES;
				CLANG_ENABLE_OBJC_ARC = YES;
				CLANG_ENABLE_OBJC_WEAK = YES;
				CLANG_WARN_BLOCK_CAPTURE_AUTORELEASING = YES;
				CLANG_WARN_BOOL_CONVERSION = YES;
				CLANG_WARN_COMMA = YES;
				CLANG_WARN_CONSTANT_CONVERSION = YES;
				CLANG_WARN_DEPRECATED_OBJC_IMPLEMENTATIONS = YES;
				CLANG_WARN_DIRECT_OBJC_ISA_USAGE = YES_ERROR;
				CLANG_WARN_DOCUMENTATION_COMMENTS = YES;
				CLANG_WARN_EMPTY_BODY = YES;
				CLANG_WARN_ENUM_CONVERSION = YES;
				CLANG_WARN_INFINITE_RECURSION = YES;
				CLANG_WARN_INT_CONVERSION = YES;
				CLANG_WARN_NON_LITERAL_NULL_CONVERSION = YES;
				CLANG_WARN_OBJC_IMPLICIT_RETAIN_SELF = YES;
				CLANG_WARN_OBJC_LITERAL_CONVERSION = YES;
				CLANG_WARN_OBJC_ROOT_CLASS = YES_ERROR;
				CLANG_WARN_QUOTED_INCLUDE_IN_FRAMEWORK_HEADER = YES;
				CLANG_WARN_RANGE_LOOP_ANALYSIS = YES;
				CLANG_WARN_STRICT_PROTOTYPES = YES;
				CLANG_WARN_SUSPICIOUS_MOVE = YES;
				CLANG_WARN_UNGUARDED_AVAILABILITY = YES_AGGRESSIVE;
				CLANG_WARN_UNREACHABLE_CODE = YES;
				CLANG_WARN__DUPLICATE_METHOD_MATCH = YES;
				COPY_PHASE_STRIP = NO;
				DEBUG_INFORMATION_FORMAT = "dwarf-with-dsym";
				ENABLE_NS_ASSERTIONS = NO;
				ENABLE_STRICT_OBJC_MSGSEND = YES;
				GCC_C_LANGUAGE_STANDARD = gnu11;
				GCC_NO_COMMON_BLOCKS = YES;
				GCC_WARN_64_TO_32_BIT_CONVERSION = YES;
				GCC_WARN_ABOUT_RETURN_TYPE = YES_ERROR;
				GCC_WARN_UNDECLARED_SELECTOR = YES;
				GCC_WARN_UNINITIALIZED_AUTOS = YES_AGGRESSIVE;
				GCC_WARN_UNUSED_FUNCTION = YES;
				GCC_WARN_UNUSED_VARIABLE = YES;
				IPHONEOS_DEPLOYMENT_TARGET = 16.4;
				MTL_ENABLE_DEBUG_INFO = NO;
				MTL_FAST_MATH = YES;
				SDKROOT = iphoneos;
				SWIFT_COMPILATION_MODE = wholemodule;
				SWIFT_OPTIMIZATION_LEVEL = "-O";
				VALIDATE_PRODUCT = YES;
			};
			name = Release;
		};
		D7FB2B942AEF65C600C73EC4 /* Debug */ = {
			isa = XCBuildConfiguration;
			buildSettings = {
				ASSETCATALOG_COMPILER_APPICON_NAME = AppIcon;
				ASSETCATALOG_COMPILER_GLOBAL_ACCENT_COLOR_NAME = AccentColor;
				CODE_SIGN_STYLE = Automatic;
				COMPRESS_PNG_FILES = NO;
				CURRENT_PROJECT_VERSION = 1;
				DEVELOPMENT_ASSET_PATHS = "\"test-rust-ios/Preview Content\"";
				DEVELOPMENT_TEAM = LQGSB5N7A3;
				ENABLE_PREVIEWS = YES;
				GENERATE_INFOPLIST_FILE = YES;
				INFOPLIST_KEY_UIApplicationSceneManifest_Generation = YES;
				INFOPLIST_KEY_UIApplicationSupportsIndirectInputEvents = YES;
				INFOPLIST_KEY_UILaunchScreen_Generation = YES;
				INFOPLIST_KEY_UISupportedInterfaceOrientations_iPad = "UIInterfaceOrientationPortrait UIInterfaceOrientationPortraitUpsideDown UIInterfaceOrientationLandscapeLeft UIInterfaceOrientationLandscapeRight";
				INFOPLIST_KEY_UISupportedInterfaceOrientations_iPhone = "UIInterfaceOrientationPortrait UIInterfaceOrientationLandscapeLeft UIInterfaceOrientationLandscapeRight";
				IPHONEOS_DEPLOYMENT_TARGET = 14.4;
				LD_RUNPATH_SEARCH_PATHS = (
					"$(inherited)",
					"@executable_path/Frameworks",
				);
				LIBRARY_SEARCH_PATHS = "$(PROJECT_DIR)/../../cargo/target/universal/release";
				MARKETING_VERSION = 1.0;
				PRODUCT_BUNDLE_IDENTIFIER = "com.dongbat.test.test-rust-ios";
				PRODUCT_NAME = "$(TARGET_NAME)";
				STRIP_PNG_TEXT = NO;
				SUPPORTED_PLATFORMS = "iphoneos iphonesimulator";
				SUPPORTS_MACCATALYST = NO;
				SUPPORTS_MAC_DESIGNED_FOR_IPHONE_IPAD = YES;
				SWIFT_EMIT_LOC_STRINGS = YES;
				SWIFT_OBJC_BRIDGING_HEADER = "$(PROJECT_DIR)/Greetings-Bridging-Header.h";
				SWIFT_VERSION = 5.0;
				TARGETED_DEVICE_FAMILY = 1;
			};
			name = Debug;
		};
		D7FB2B952AEF65C600C73EC4 /* Release */ = {
			isa = XCBuildConfiguration;
			buildSettings = {
				ASSETCATALOG_COMPILER_APPICON_NAME = AppIcon;
				ASSETCATALOG_COMPILER_GLOBAL_ACCENT_COLOR_NAME = AccentColor;
				CODE_SIGN_STYLE = Automatic;
				COMPRESS_PNG_FILES = NO;
				CURRENT_PROJECT_VERSION = 1;
				DEVELOPMENT_ASSET_PATHS = "\"test-rust-ios/Preview Content\"";
				DEVELOPMENT_TEAM = LQGSB5N7A3;
				ENABLE_PREVIEWS = YES;
				GENERATE_INFOPLIST_FILE = YES;
				INFOPLIST_KEY_UIApplicationSceneManifest_Generation = YES;
				INFOPLIST_KEY_UIApplicationSupportsIndirectInputEvents = YES;
				INFOPLIST_KEY_UILaunchScreen_Generation = YES;
				INFOPLIST_KEY_UISupportedInterfaceOrientations_iPad = "UIInterfaceOrientationPortrait UIInterfaceOrientationPortraitUpsideDown UIInterfaceOrientationLandscapeLeft UIInterfaceOrientationLandscapeRight";
				INFOPLIST_KEY_UISupportedInterfaceOrientations_iPhone = "UIInterfaceOrientationPortrait UIInterfaceOrientationLandscapeLeft UIInterfaceOrientationLandscapeRight";
				IPHONEOS_DEPLOYMENT_TARGET = 14.4;
				LD_RUNPATH_SEARCH_PATHS = (
					"$(inherited)",
					"@executable_path/Frameworks",
				);
				LIBRARY_SEARCH_PATHS = "$(PROJECT_DIR)/../../cargo/target/universal/release";
				MARKETING_VERSION = 1.0;
				PRODUCT_BUNDLE_IDENTIFIER = "com.dongbat.test.test-rust-ios";
				PRODUCT_NAME = "$(TARGET_NAME)";
				STRIP_PNG_TEXT = NO;
				SUPPORTED_PLATFORMS = "iphoneos iphonesimulator";
				SUPPORTS_MACCATALYST = NO;
				SUPPORTS_MAC_DESIGNED_FOR_IPHONE_IPAD = YES;
				SWIFT_EMIT_LOC_STRINGS = YES;
				SWIFT_OBJC_BRIDGING_HEADER = "$(PROJECT_DIR)/Greetings-Bridging-Header.h";
				SWIFT_VERSION = 5.0;
				TARGETED_DEVICE_FAMILY = 1;
			};
			name = Release;
		};
		D7FB2B972AEF65C600C73EC4 /* Debug */ = {
			isa = XCBuildConfiguration;
			buildSettings = {
				ALWAYS_EMBED_SWIFT_STANDARD_LIBRARIES = YES;
				BUNDLE_LOADER = "$(TEST_HOST)";
				CODE_SIGN_STYLE = Automatic;
				CURRENT_PROJECT_VERSION = 1;
				DEVELOPMENT_TEAM = LQGSB5N7A3;
				GENERATE_INFOPLIST_FILE = YES;
				IPHONEOS_DEPLOYMENT_TARGET = 16.4;
				MARKETING_VERSION = 1.0;
				PRODUCT_BUNDLE_IDENTIFIER = "com.dongbat.test.test-rust-iosTests";
				PRODUCT_NAME = "$(TARGET_NAME)";
				SWIFT_EMIT_LOC_STRINGS = NO;
				SWIFT_VERSION = 5.0;
				TARGETED_DEVICE_FAMILY = "1,2";
				TEST_HOST = "$(BUILT_PRODUCTS_DIR)/test-rust-ios.app/$(BUNDLE_EXECUTABLE_FOLDER_PATH)/test-rust-ios";
			};
			name = Debug;
		};
		D7FB2B982AEF65C600C73EC4 /* Release */ = {
			isa = XCBuildConfiguration;
			buildSettings = {
				ALWAYS_EMBED_SWIFT_STANDARD_LIBRARIES = YES;
				BUNDLE_LOADER = "$(TEST_HOST)";
				CODE_SIGN_STYLE = Automatic;
				CURRENT_PROJECT_VERSION = 1;
				DEVELOPMENT_TEAM = LQGSB5N7A3;
				GENERATE_INFOPLIST_FILE = YES;
				IPHONEOS_DEPLOYMENT_TARGET = 16.4;
				MARKETING_VERSION = 1.0;
				PRODUCT_BUNDLE_IDENTIFIER = "com.dongbat.test.test-rust-iosTests";
				PRODUCT_NAME = "$(TARGET_NAME)";
				SWIFT_EMIT_LOC_STRINGS = NO;
				SWIFT_VERSION = 5.0;
				TARGETED_DEVICE_FAMILY = "1,2";
				TEST_HOST = "$(BUILT_PRODUCTS_DIR)/test-rust-ios.app/$(BUNDLE_EXECUTABLE_FOLDER_PATH)/test-rust-ios";
			};
			name = Release;
		};
		D7FB2B9A2AEF65C600C73EC4 /* Debug */ = {
			isa = XCBuildConfiguration;
			buildSettings = {
				ALWAYS_EMBED_SWIFT_STANDARD_LIBRARIES = YES;
				CODE_SIGN_STYLE = Automatic;
				CURRENT_PROJECT_VERSION = 1;
				DEVELOPMENT_TEAM = LQGSB5N7A3;
				GENERATE_INFOPLIST_FILE = YES;
				MARKETING_VERSION = 1.0;
				PRODUCT_BUNDLE_IDENTIFIER = "com.dongbat.test.test-rust-iosUITests";
				PRODUCT_NAME = "$(TARGET_NAME)";
				SWIFT_EMIT_LOC_STRINGS = NO;
				SWIFT_VERSION = 5.0;
				TARGETED_DEVICE_FAMILY = "1,2";
				TEST_TARGET_NAME = "test-rust-ios";
			};
			name = Debug;
		};
		D7FB2B9B2AEF65C600C73EC4 /* Release */ = {
			isa = XCBuildConfiguration;
			buildSettings = {
				ALWAYS_EMBED_SWIFT_STANDARD_LIBRARIES = YES;
				CODE_SIGN_STYLE = Automatic;
				CURRENT_PROJECT_VERSION = 1;
				DEVELOPMENT_TEAM = LQGSB5N7A3;
				GENERATE_INFOPLIST_FILE = YES;
				MARKETING_VERSION = 1.0;
				PRODUCT_BUNDLE_IDENTIFIER = "com.dongbat.test.test-rust-iosUITests";
				PRODUCT_NAME = "$(TARGET_NAME)";
				SWIFT_EMIT_LOC_STRINGS = NO;
				SWIFT_VERSION = 5.0;
				TARGETED_DEVICE_FAMILY = "1,2";
				TEST_TARGET_NAME = "test-rust-ios";
			};
			name = Release;
		};
/* End XCBuildConfiguration section */

/* Begin XCConfigurationList section */
		D7FB2B6A2AEF65C400C73EC4 /* Build configuration list for PBXProject "test-rust-ios" */ = {
			isa = XCConfigurationList;
			buildConfigurations = (
				D7FB2B912AEF65C600C73EC4 /* Debug */,
				D7FB2B922AEF65C600C73EC4 /* Release */,
			);
			defaultConfigurationIsVisible = 0;
			defaultConfigurationName = Release;
		};
		D7FB2B932AEF65C600C73EC4 /* Build configuration list for PBXNativeTarget "test-rust-ios" */ = {
			isa = XCConfigurationList;
			buildConfigurations = (
				D7FB2B942AEF65C600C73EC4 /* Debug */,
				D7FB2B952AEF65C600C73EC4 /* Release */,
			);
			defaultConfigurationIsVisible = 0;
			defaultConfigurationName = Release;
		};
		D7FB2B962AEF65C600C73EC4 /* Build configuration list for PBXNativeTarget "test-rust-iosTests" */ = {
			isa = XCConfigurationList;
			buildConfigurations = (
				D7FB2B972AEF65C600C73EC4 /* Debug */,
				D7FB2B982AEF65C600C73EC4 /* Release */,
			);
			defaultConfigurationIsVisible = 0;
			defaultConfigurationName = Release;
		};
		D7FB2B992AEF65C600C73EC4 /* Build configuration list for PBXNativeTarget "test-rust-iosUITests" */ = {
			isa = XCConfigurationList;
			buildConfigurations = (
				D7FB2B9A2AEF65C600C73EC4 /* Debug */,
				D7FB2B9B2AEF65C600C73EC4 /* Release */,
			);
			defaultConfigurationIsVisible = 0;
			defaultConfigurationName = Release;
		};
/* End XCConfigurationList section */
	};
	rootObject = D7FB2B672AEF65C400C73EC4 /* Project object */;
}
